
Microsoft Visual Studio Solution File, Format Version 12.00
# Visual Studio 15
VisualStudioVersion = 15.0.28307.168
MinimumVisualStudioVersion = 10.0.40219.1
Project("{FAE04EC0-301F-11D3-BF4B-00C04F79EFBC}") = "TypeCast1", "TypeCast1\TypeCast1.csproj", "{618E8E36-0E45-4A6B-AC9E-1CF7CDDE7B04}"
EndProject
Global
	GlobalSection(SolutionConfigurationPlatforms) = preSolution
		Debug|Any CPU = Debug|Any CPU
		Release|Any CPU = Release|Any CPU
	EndGlobalSection
	GlobalSection(ProjectConfigurationPlatforms) = postSolution
		{618E8E36-0E45-4A6B-AC9E-1CF7CDDE7B04}.Debug|Any CPU.ActiveCfg = Debug|Any CPU
		{618E8E36-0E45-4A6B-AC9E-1CF7CDDE7B04}.Debug|Any CPU.Build.0 = Debug|Any CPU
		{618E8E36-0E45-4A6B-AC9E-1CF7CDDE7B04}.Release|Any CPU.ActiveCfg = Release|Any CPU
		{618E8E36-0E45-4A6B-AC9E-1CF7CDDE7B04}.Release|Any CPU.Build.0 = Release|Any CPU
	EndGlobalSection
	GlobalSection(SolutionProperties) = preSolution
		HideSolutionNode = FALSE
	EndGlobalSection
	GlobalSection(ExtensibilityGlobals) = postSolution
		SolutionGuid = {80EDF5D8-3E1A-476F-998E-872AFB44C6A8}
	EndGlobalSection
EndGlobal
