
Microsoft Visual Studio Solution File, Format Version 12.00
# Visual Studio 15
VisualStudioVersion = 15.0.28307.168
MinimumVisualStudioVersion = 10.0.40219.1
Project("{FAE04EC0-301F-11D3-BF4B-00C04F79EFBC}") = "test", "test\test.csproj", "{2C8435D6-5A5A-4FDB-8BA5-72D4794633DB}"
EndProject
Global
	GlobalSection(SolutionConfigurationPlatforms) = preSolution
		Debug|Any CPU = Debug|Any CPU
		Release|Any CPU = Release|Any CPU
	EndGlobalSection
	GlobalSection(ProjectConfigurationPlatforms) = postSolution
		{2C8435D6-5A5A-4FDB-8BA5-72D4794633DB}.Debug|Any CPU.ActiveCfg = Debug|Any CPU
		{2C8435D6-5A5A-4FDB-8BA5-72D4794633DB}.Debug|Any CPU.Build.0 = Debug|Any CPU
		{2C8435D6-5A5A-4FDB-8BA5-72D4794633DB}.Release|Any CPU.ActiveCfg = Release|Any CPU
		{2C8435D6-5A5A-4FDB-8BA5-72D4794633DB}.Release|Any CPU.Build.0 = Release|Any CPU
	EndGlobalSection
	GlobalSection(SolutionProperties) = preSolution
		HideSolutionNode = FALSE
	EndGlobalSection
	GlobalSection(ExtensibilityGlobals) = postSolution
		SolutionGuid = {01AF9140-5761-4338-AEF2-70A751D3CA98}
	EndGlobalSection
EndGlobal
