
Microsoft Visual Studio Solution File, Format Version 12.00
# Visual Studio 15
VisualStudioVersion = 15.0.28307.168
MinimumVisualStudioVersion = 10.0.40219.1
Project("{FAE04EC0-301F-11D3-BF4B-00C04F79EFBC}") = "Reference Type", "Reference Type\Reference Type.csproj", "{E5FB0B6C-812A-4E5D-92A3-6D7F7AD2856A}"
EndProject
Global
	GlobalSection(SolutionConfigurationPlatforms) = preSolution
		Debug|Any CPU = Debug|Any CPU
		Release|Any CPU = Release|Any CPU
	EndGlobalSection
	GlobalSection(ProjectConfigurationPlatforms) = postSolution
		{E5FB0B6C-812A-4E5D-92A3-6D7F7AD2856A}.Debug|Any CPU.ActiveCfg = Debug|Any CPU
		{E5FB0B6C-812A-4E5D-92A3-6D7F7AD2856A}.Debug|Any CPU.Build.0 = Debug|Any CPU
		{E5FB0B6C-812A-4E5D-92A3-6D7F7AD2856A}.Release|Any CPU.ActiveCfg = Release|Any CPU
		{E5FB0B6C-812A-4E5D-92A3-6D7F7AD2856A}.Release|Any CPU.Build.0 = Release|Any CPU
	EndGlobalSection
	GlobalSection(SolutionProperties) = preSolution
		HideSolutionNode = FALSE
	EndGlobalSection
	GlobalSection(ExtensibilityGlobals) = postSolution
		SolutionGuid = {B11C0EAA-94B6-4617-95CE-1AEA438C008C}
	EndGlobalSection
EndGlobal
