
Microsoft Visual Studio Solution File, Format Version 12.00
# Visual Studio 15
VisualStudioVersion = 15.0.28307.168
MinimumVisualStudioVersion = 10.0.40219.1
Project("{FAE04EC0-301F-11D3-BF4B-00C04F79EFBC}") = "DelegateEx1", "DelegateEx1\DelegateEx1.csproj", "{D8D0B2C6-AFAA-45F5-8456-F8F29D769FF7}"
EndProject
Global
	GlobalSection(SolutionConfigurationPlatforms) = preSolution
		Debug|Any CPU = Debug|Any CPU
		Release|Any CPU = Release|Any CPU
	EndGlobalSection
	GlobalSection(ProjectConfigurationPlatforms) = postSolution
		{D8D0B2C6-AFAA-45F5-8456-F8F29D769FF7}.Debug|Any CPU.ActiveCfg = Debug|Any CPU
		{D8D0B2C6-AFAA-45F5-8456-F8F29D769FF7}.Debug|Any CPU.Build.0 = Debug|Any CPU
		{D8D0B2C6-AFAA-45F5-8456-F8F29D769FF7}.Release|Any CPU.ActiveCfg = Release|Any CPU
		{D8D0B2C6-AFAA-45F5-8456-F8F29D769FF7}.Release|Any CPU.Build.0 = Release|Any CPU
	EndGlobalSection
	GlobalSection(SolutionProperties) = preSolution
		HideSolutionNode = FALSE
	EndGlobalSection
	GlobalSection(ExtensibilityGlobals) = postSolution
		SolutionGuid = {54756E1C-CA91-4364-89B1-DA69926B552A}
	EndGlobalSection
EndGlobal
