
Microsoft Visual Studio Solution File, Format Version 12.00
# Visual Studio 15
VisualStudioVersion = 15.0.28307.168
MinimumVisualStudioVersion = 10.0.40219.1
Project("{FAE04EC0-301F-11D3-BF4B-00C04F79EFBC}") = "ConsoleApplication11", "ConsoleApplication11\ConsoleApplication11.csproj", "{32691FB2-6798-4A13-892B-692A1E58F7E9}"
EndProject
Global
	GlobalSection(SolutionConfigurationPlatforms) = preSolution
		Debug|Any CPU = Debug|Any CPU
		Release|Any CPU = Release|Any CPU
	EndGlobalSection
	GlobalSection(ProjectConfigurationPlatforms) = postSolution
		{32691FB2-6798-4A13-892B-692A1E58F7E9}.Debug|Any CPU.ActiveCfg = Debug|Any CPU
		{32691FB2-6798-4A13-892B-692A1E58F7E9}.Debug|Any CPU.Build.0 = Debug|Any CPU
		{32691FB2-6798-4A13-892B-692A1E58F7E9}.Release|Any CPU.ActiveCfg = Release|Any CPU
		{32691FB2-6798-4A13-892B-692A1E58F7E9}.Release|Any CPU.Build.0 = Release|Any CPU
	EndGlobalSection
	GlobalSection(SolutionProperties) = preSolution
		HideSolutionNode = FALSE
	EndGlobalSection
	GlobalSection(ExtensibilityGlobals) = postSolution
		SolutionGuid = {C981E0A1-9571-47CC-A487-EE738AFF6818}
	EndGlobalSection
EndGlobal
