
Microsoft Visual Studio Solution File, Format Version 12.00
# Visual Studio 15
VisualStudioVersion = 15.0.28307.168
MinimumVisualStudioVersion = 10.0.40219.1
Project("{FAE04EC0-301F-11D3-BF4B-00C04F79EFBC}") = "WindowsFormsFilter", "WindowsFormsFilter\WindowsFormsFilter.csproj", "{672D927A-AC07-42CB-8B5B-AB1B3CA52740}"
EndProject
Global
	GlobalSection(SolutionConfigurationPlatforms) = preSolution
		Debug|Any CPU = Debug|Any CPU
		Release|Any CPU = Release|Any CPU
	EndGlobalSection
	GlobalSection(ProjectConfigurationPlatforms) = postSolution
		{672D927A-AC07-42CB-8B5B-AB1B3CA52740}.Debug|Any CPU.ActiveCfg = Debug|Any CPU
		{672D927A-AC07-42CB-8B5B-AB1B3CA52740}.Debug|Any CPU.Build.0 = Debug|Any CPU
		{672D927A-AC07-42CB-8B5B-AB1B3CA52740}.Release|Any CPU.ActiveCfg = Release|Any CPU
		{672D927A-AC07-42CB-8B5B-AB1B3CA52740}.Release|Any CPU.Build.0 = Release|Any CPU
	EndGlobalSection
	GlobalSection(SolutionProperties) = preSolution
		HideSolutionNode = FALSE
	EndGlobalSection
	GlobalSection(ExtensibilityGlobals) = postSolution
		SolutionGuid = {6B293CA8-2519-4611-89EC-40E19D53E5E5}
	EndGlobalSection
EndGlobal
