
Microsoft Visual Studio Solution File, Format Version 12.00
# Visual Studio 15
VisualStudioVersion = 15.0.28307.168
MinimumVisualStudioVersion = 10.0.40219.1
Project("{FAE04EC0-301F-11D3-BF4B-00C04F79EFBC}") = "IDisposable", "IDisposable\IDisposable.csproj", "{FD17BCDF-01D9-4773-B52D-DDF1ABA02D32}"
EndProject
Global
	GlobalSection(SolutionConfigurationPlatforms) = preSolution
		Debug|Any CPU = Debug|Any CPU
		Release|Any CPU = Release|Any CPU
	EndGlobalSection
	GlobalSection(ProjectConfigurationPlatforms) = postSolution
		{FD17BCDF-01D9-4773-B52D-DDF1ABA02D32}.Debug|Any CPU.ActiveCfg = Debug|Any CPU
		{FD17BCDF-01D9-4773-B52D-DDF1ABA02D32}.Debug|Any CPU.Build.0 = Debug|Any CPU
		{FD17BCDF-01D9-4773-B52D-DDF1ABA02D32}.Release|Any CPU.ActiveCfg = Release|Any CPU
		{FD17BCDF-01D9-4773-B52D-DDF1ABA02D32}.Release|Any CPU.Build.0 = Release|Any CPU
	EndGlobalSection
	GlobalSection(SolutionProperties) = preSolution
		HideSolutionNode = FALSE
	EndGlobalSection
	GlobalSection(ExtensibilityGlobals) = postSolution
		SolutionGuid = {5F05315D-DF1F-4624-A971-DE7947AC9FD0}
	EndGlobalSection
EndGlobal
