
Microsoft Visual Studio Solution File, Format Version 12.00
# Visual Studio 15
VisualStudioVersion = 15.0.28307.168
MinimumVisualStudioVersion = 10.0.40219.1
Project("{FAE04EC0-301F-11D3-BF4B-00C04F79EFBC}") = "생성자소멸자", "생성자소멸자\생성자소멸자.csproj", "{0B62090C-8818-4B92-B824-5DAA54DB1D60}"
EndProject
Global
	GlobalSection(SolutionConfigurationPlatforms) = preSolution
		Debug|Any CPU = Debug|Any CPU
		Release|Any CPU = Release|Any CPU
	EndGlobalSection
	GlobalSection(ProjectConfigurationPlatforms) = postSolution
		{0B62090C-8818-4B92-B824-5DAA54DB1D60}.Debug|Any CPU.ActiveCfg = Debug|Any CPU
		{0B62090C-8818-4B92-B824-5DAA54DB1D60}.Debug|Any CPU.Build.0 = Debug|Any CPU
		{0B62090C-8818-4B92-B824-5DAA54DB1D60}.Release|Any CPU.ActiveCfg = Release|Any CPU
		{0B62090C-8818-4B92-B824-5DAA54DB1D60}.Release|Any CPU.Build.0 = Release|Any CPU
	EndGlobalSection
	GlobalSection(SolutionProperties) = preSolution
		HideSolutionNode = FALSE
	EndGlobalSection
	GlobalSection(ExtensibilityGlobals) = postSolution
		SolutionGuid = {7BD70686-A4EF-4CCD-A076-9F03169F8C51}
	EndGlobalSection
EndGlobal
