
Microsoft Visual Studio Solution File, Format Version 12.00
# Visual Studio 15
VisualStudioVersion = 15.0.28307.168
MinimumVisualStudioVersion = 10.0.40219.1
Project("{FAE04EC0-301F-11D3-BF4B-00C04F79EFBC}") = "DelegateEx2", "DelegateEx2\DelegateEx2.csproj", "{F79942C0-51AC-4F1A-A8B3-A2EA3CCBDF20}"
EndProject
Global
	GlobalSection(SolutionConfigurationPlatforms) = preSolution
		Debug|Any CPU = Debug|Any CPU
		Release|Any CPU = Release|Any CPU
	EndGlobalSection
	GlobalSection(ProjectConfigurationPlatforms) = postSolution
		{F79942C0-51AC-4F1A-A8B3-A2EA3CCBDF20}.Debug|Any CPU.ActiveCfg = Debug|Any CPU
		{F79942C0-51AC-4F1A-A8B3-A2EA3CCBDF20}.Debug|Any CPU.Build.0 = Debug|Any CPU
		{F79942C0-51AC-4F1A-A8B3-A2EA3CCBDF20}.Release|Any CPU.ActiveCfg = Release|Any CPU
		{F79942C0-51AC-4F1A-A8B3-A2EA3CCBDF20}.Release|Any CPU.Build.0 = Release|Any CPU
	EndGlobalSection
	GlobalSection(SolutionProperties) = preSolution
		HideSolutionNode = FALSE
	EndGlobalSection
	GlobalSection(ExtensibilityGlobals) = postSolution
		SolutionGuid = {BCA7CBCD-10E2-46DF-859E-59A11A83F6A1}
	EndGlobalSection
EndGlobal
