
Microsoft Visual Studio Solution File, Format Version 12.00
# Visual Studio 15
VisualStudioVersion = 15.0.28307.168
MinimumVisualStudioVersion = 10.0.40219.1
Project("{FAE04EC0-301F-11D3-BF4B-00C04F79EFBC}") = "Triangle1", "Triangle1\Triangle1.csproj", "{C3191EB1-356C-4CFA-844B-B9C5CCE52CAF}"
EndProject
Global
	GlobalSection(SolutionConfigurationPlatforms) = preSolution
		Debug|Any CPU = Debug|Any CPU
		Release|Any CPU = Release|Any CPU
	EndGlobalSection
	GlobalSection(ProjectConfigurationPlatforms) = postSolution
		{C3191EB1-356C-4CFA-844B-B9C5CCE52CAF}.Debug|Any CPU.ActiveCfg = Debug|Any CPU
		{C3191EB1-356C-4CFA-844B-B9C5CCE52CAF}.Debug|Any CPU.Build.0 = Debug|Any CPU
		{C3191EB1-356C-4CFA-844B-B9C5CCE52CAF}.Release|Any CPU.ActiveCfg = Release|Any CPU
		{C3191EB1-356C-4CFA-844B-B9C5CCE52CAF}.Release|Any CPU.Build.0 = Release|Any CPU
	EndGlobalSection
	GlobalSection(SolutionProperties) = preSolution
		HideSolutionNode = FALSE
	EndGlobalSection
	GlobalSection(ExtensibilityGlobals) = postSolution
		SolutionGuid = {627689F1-B843-4BEA-A4E0-A36BD572026D}
	EndGlobalSection
EndGlobal
