
Microsoft Visual Studio Solution File, Format Version 12.00
# Visual Studio 15
VisualStudioVersion = 15.0.28307.168
MinimumVisualStudioVersion = 10.0.40219.1
Project("{FAE04EC0-301F-11D3-BF4B-00C04F79EFBC}") = "ConsoleApplication22", "ConsoleApplication22\ConsoleApplication22.csproj", "{E6163059-56E3-4C8F-BB76-F012CA9DB06E}"
EndProject
Global
	GlobalSection(SolutionConfigurationPlatforms) = preSolution
		Debug|Any CPU = Debug|Any CPU
		Release|Any CPU = Release|Any CPU
	EndGlobalSection
	GlobalSection(ProjectConfigurationPlatforms) = postSolution
		{E6163059-56E3-4C8F-BB76-F012CA9DB06E}.Debug|Any CPU.ActiveCfg = Debug|Any CPU
		{E6163059-56E3-4C8F-BB76-F012CA9DB06E}.Debug|Any CPU.Build.0 = Debug|Any CPU
		{E6163059-56E3-4C8F-BB76-F012CA9DB06E}.Release|Any CPU.ActiveCfg = Release|Any CPU
		{E6163059-56E3-4C8F-BB76-F012CA9DB06E}.Release|Any CPU.Build.0 = Release|Any CPU
	EndGlobalSection
	GlobalSection(SolutionProperties) = preSolution
		HideSolutionNode = FALSE
	EndGlobalSection
	GlobalSection(ExtensibilityGlobals) = postSolution
		SolutionGuid = {3D9CECFD-17E8-4EFB-9221-F5A9F7168130}
	EndGlobalSection
EndGlobal
