
Microsoft Visual Studio Solution File, Format Version 12.00
# Visual Studio 15
VisualStudioVersion = 15.0.28307.168
MinimumVisualStudioVersion = 10.0.40219.1
Project("{FAE04EC0-301F-11D3-BF4B-00C04F79EFBC}") = "인터페이스", "인터페이스\인터페이스.csproj", "{74DE3B4F-DEEE-42F1-8D9A-1E0584A3C0A2}"
EndProject
Global
	GlobalSection(SolutionConfigurationPlatforms) = preSolution
		Debug|Any CPU = Debug|Any CPU
		Release|Any CPU = Release|Any CPU
	EndGlobalSection
	GlobalSection(ProjectConfigurationPlatforms) = postSolution
		{74DE3B4F-DEEE-42F1-8D9A-1E0584A3C0A2}.Debug|Any CPU.ActiveCfg = Debug|Any CPU
		{74DE3B4F-DEEE-42F1-8D9A-1E0584A3C0A2}.Debug|Any CPU.Build.0 = Debug|Any CPU
		{74DE3B4F-DEEE-42F1-8D9A-1E0584A3C0A2}.Release|Any CPU.ActiveCfg = Release|Any CPU
		{74DE3B4F-DEEE-42F1-8D9A-1E0584A3C0A2}.Release|Any CPU.Build.0 = Release|Any CPU
	EndGlobalSection
	GlobalSection(SolutionProperties) = preSolution
		HideSolutionNode = FALSE
	EndGlobalSection
	GlobalSection(ExtensibilityGlobals) = postSolution
		SolutionGuid = {38EE2C31-C464-48A5-BEAC-192DC1E9025F}
	EndGlobalSection
EndGlobal
