
Microsoft Visual Studio Solution File, Format Version 12.00
# Visual Studio 15
VisualStudioVersion = 15.0.28307.168
MinimumVisualStudioVersion = 10.0.40219.1
Project("{FAE04EC0-301F-11D3-BF4B-00C04F79EFBC}") = "ArrayList", "ArrayList\ArrayList.csproj", "{4F1CACD0-FECD-4999-91E0-3E2B06172C1D}"
EndProject
Global
	GlobalSection(SolutionConfigurationPlatforms) = preSolution
		Debug|Any CPU = Debug|Any CPU
		Release|Any CPU = Release|Any CPU
	EndGlobalSection
	GlobalSection(ProjectConfigurationPlatforms) = postSolution
		{4F1CACD0-FECD-4999-91E0-3E2B06172C1D}.Debug|Any CPU.ActiveCfg = Debug|Any CPU
		{4F1CACD0-FECD-4999-91E0-3E2B06172C1D}.Debug|Any CPU.Build.0 = Debug|Any CPU
		{4F1CACD0-FECD-4999-91E0-3E2B06172C1D}.Release|Any CPU.ActiveCfg = Release|Any CPU
		{4F1CACD0-FECD-4999-91E0-3E2B06172C1D}.Release|Any CPU.Build.0 = Release|Any CPU
	EndGlobalSection
	GlobalSection(SolutionProperties) = preSolution
		HideSolutionNode = FALSE
	EndGlobalSection
	GlobalSection(ExtensibilityGlobals) = postSolution
		SolutionGuid = {51C696EC-1456-4A57-9805-F6F21FA13459}
	EndGlobalSection
EndGlobal
