
Microsoft Visual Studio Solution File, Format Version 12.00
# Visual Studio 15
VisualStudioVersion = 15.0.28307.168
MinimumVisualStudioVersion = 10.0.40219.1
Project("{FAE04EC0-301F-11D3-BF4B-00C04F79EFBC}") = "EmailSmtp", "EmailSmtp\EmailSmtp.csproj", "{995C61B1-9411-40B8-8EDA-64E97F273140}"
EndProject
Global
	GlobalSection(SolutionConfigurationPlatforms) = preSolution
		Debug|Any CPU = Debug|Any CPU
		Release|Any CPU = Release|Any CPU
	EndGlobalSection
	GlobalSection(ProjectConfigurationPlatforms) = postSolution
		{995C61B1-9411-40B8-8EDA-64E97F273140}.Debug|Any CPU.ActiveCfg = Debug|Any CPU
		{995C61B1-9411-40B8-8EDA-64E97F273140}.Debug|Any CPU.Build.0 = Debug|Any CPU
		{995C61B1-9411-40B8-8EDA-64E97F273140}.Release|Any CPU.ActiveCfg = Release|Any CPU
		{995C61B1-9411-40B8-8EDA-64E97F273140}.Release|Any CPU.Build.0 = Release|Any CPU
	EndGlobalSection
	GlobalSection(SolutionProperties) = preSolution
		HideSolutionNode = FALSE
	EndGlobalSection
	GlobalSection(ExtensibilityGlobals) = postSolution
		SolutionGuid = {3689752D-94EA-4F52-8875-B470348A27AD}
	EndGlobalSection
EndGlobal
