
Microsoft Visual Studio Solution File, Format Version 12.00
# Visual Studio 15
VisualStudioVersion = 15.0.28307.168
MinimumVisualStudioVersion = 10.0.40219.1
Project("{FAE04EC0-301F-11D3-BF4B-00C04F79EFBC}") = "pdf97page", "pdf97page\pdf97page.csproj", "{5491E395-E611-4EFB-AA03-FB1CBA05F2DE}"
EndProject
Global
	GlobalSection(SolutionConfigurationPlatforms) = preSolution
		Debug|Any CPU = Debug|Any CPU
		Release|Any CPU = Release|Any CPU
	EndGlobalSection
	GlobalSection(ProjectConfigurationPlatforms) = postSolution
		{5491E395-E611-4EFB-AA03-FB1CBA05F2DE}.Debug|Any CPU.ActiveCfg = Debug|Any CPU
		{5491E395-E611-4EFB-AA03-FB1CBA05F2DE}.Debug|Any CPU.Build.0 = Debug|Any CPU
		{5491E395-E611-4EFB-AA03-FB1CBA05F2DE}.Release|Any CPU.ActiveCfg = Release|Any CPU
		{5491E395-E611-4EFB-AA03-FB1CBA05F2DE}.Release|Any CPU.Build.0 = Release|Any CPU
	EndGlobalSection
	GlobalSection(SolutionProperties) = preSolution
		HideSolutionNode = FALSE
	EndGlobalSection
	GlobalSection(ExtensibilityGlobals) = postSolution
		SolutionGuid = {D651B4D0-7705-4EE3-9CAF-50DA2857C65A}
	EndGlobalSection
EndGlobal
