
Microsoft Visual Studio Solution File, Format Version 12.00
# Visual Studio 15
VisualStudioVersion = 15.0.28307.168
MinimumVisualStudioVersion = 10.0.40219.1
Project("{FAE04EC0-301F-11D3-BF4B-00C04F79EFBC}") = "깊은복사", "깊은복사\깊은복사.csproj", "{7CEFFF5F-EC02-4B8B-ADD4-A5BA6F6C12C8}"
EndProject
Global
	GlobalSection(SolutionConfigurationPlatforms) = preSolution
		Debug|Any CPU = Debug|Any CPU
		Release|Any CPU = Release|Any CPU
	EndGlobalSection
	GlobalSection(ProjectConfigurationPlatforms) = postSolution
		{7CEFFF5F-EC02-4B8B-ADD4-A5BA6F6C12C8}.Debug|Any CPU.ActiveCfg = Debug|Any CPU
		{7CEFFF5F-EC02-4B8B-ADD4-A5BA6F6C12C8}.Debug|Any CPU.Build.0 = Debug|Any CPU
		{7CEFFF5F-EC02-4B8B-ADD4-A5BA6F6C12C8}.Release|Any CPU.ActiveCfg = Release|Any CPU
		{7CEFFF5F-EC02-4B8B-ADD4-A5BA6F6C12C8}.Release|Any CPU.Build.0 = Release|Any CPU
	EndGlobalSection
	GlobalSection(SolutionProperties) = preSolution
		HideSolutionNode = FALSE
	EndGlobalSection
	GlobalSection(ExtensibilityGlobals) = postSolution
		SolutionGuid = {71EB0D57-CE62-4205-B690-B584569D7696}
	EndGlobalSection
EndGlobal
