
Microsoft Visual Studio Solution File, Format Version 12.00
# Visual Studio 15
VisualStudioVersion = 15.0.28307.168
MinimumVisualStudioVersion = 10.0.40219.1
Project("{FAE04EC0-301F-11D3-BF4B-00C04F79EFBC}") = "Lambda Ex3", "Lambda Ex3\Lambda Ex3.csproj", "{9877A6D9-6317-4CBA-9863-95F6483DEAED}"
EndProject
Global
	GlobalSection(SolutionConfigurationPlatforms) = preSolution
		Debug|Any CPU = Debug|Any CPU
		Release|Any CPU = Release|Any CPU
	EndGlobalSection
	GlobalSection(ProjectConfigurationPlatforms) = postSolution
		{9877A6D9-6317-4CBA-9863-95F6483DEAED}.Debug|Any CPU.ActiveCfg = Debug|Any CPU
		{9877A6D9-6317-4CBA-9863-95F6483DEAED}.Debug|Any CPU.Build.0 = Debug|Any CPU
		{9877A6D9-6317-4CBA-9863-95F6483DEAED}.Release|Any CPU.ActiveCfg = Release|Any CPU
		{9877A6D9-6317-4CBA-9863-95F6483DEAED}.Release|Any CPU.Build.0 = Release|Any CPU
	EndGlobalSection
	GlobalSection(SolutionProperties) = preSolution
		HideSolutionNode = FALSE
	EndGlobalSection
	GlobalSection(ExtensibilityGlobals) = postSolution
		SolutionGuid = {EE49AA09-EC47-49EC-9737-7273880D76CF}
	EndGlobalSection
EndGlobal
