
Microsoft Visual Studio Solution File, Format Version 12.00
# Visual Studio 15
VisualStudioVersion = 15.0.28307.168
MinimumVisualStudioVersion = 10.0.40219.1
Project("{FAE04EC0-301F-11D3-BF4B-00C04F79EFBC}") = "DelegateEx3", "DelegateEx3\DelegateEx3.csproj", "{F87D0D6A-0282-44A6-BEB0-9E1C8102055D}"
EndProject
Global
	GlobalSection(SolutionConfigurationPlatforms) = preSolution
		Debug|Any CPU = Debug|Any CPU
		Release|Any CPU = Release|Any CPU
	EndGlobalSection
	GlobalSection(ProjectConfigurationPlatforms) = postSolution
		{F87D0D6A-0282-44A6-BEB0-9E1C8102055D}.Debug|Any CPU.ActiveCfg = Debug|Any CPU
		{F87D0D6A-0282-44A6-BEB0-9E1C8102055D}.Debug|Any CPU.Build.0 = Debug|Any CPU
		{F87D0D6A-0282-44A6-BEB0-9E1C8102055D}.Release|Any CPU.ActiveCfg = Release|Any CPU
		{F87D0D6A-0282-44A6-BEB0-9E1C8102055D}.Release|Any CPU.Build.0 = Release|Any CPU
	EndGlobalSection
	GlobalSection(SolutionProperties) = preSolution
		HideSolutionNode = FALSE
	EndGlobalSection
	GlobalSection(ExtensibilityGlobals) = postSolution
		SolutionGuid = {CFB7EA13-89DA-4BDF-A434-CA64FA04DA4D}
	EndGlobalSection
EndGlobal
