
Microsoft Visual Studio Solution File, Format Version 12.00
# Visual Studio 15
VisualStudioVersion = 15.0.28307.168
MinimumVisualStudioVersion = 10.0.40219.1
Project("{FAE04EC0-301F-11D3-BF4B-00C04F79EFBC}") = "ChatServerex", "ChatServerex\ChatServerex.csproj", "{F825871C-2D44-4785-8BAE-2FC5380B3031}"
EndProject
Global
	GlobalSection(SolutionConfigurationPlatforms) = preSolution
		Debug|Any CPU = Debug|Any CPU
		Release|Any CPU = Release|Any CPU
	EndGlobalSection
	GlobalSection(ProjectConfigurationPlatforms) = postSolution
		{F825871C-2D44-4785-8BAE-2FC5380B3031}.Debug|Any CPU.ActiveCfg = Debug|Any CPU
		{F825871C-2D44-4785-8BAE-2FC5380B3031}.Debug|Any CPU.Build.0 = Debug|Any CPU
		{F825871C-2D44-4785-8BAE-2FC5380B3031}.Release|Any CPU.ActiveCfg = Release|Any CPU
		{F825871C-2D44-4785-8BAE-2FC5380B3031}.Release|Any CPU.Build.0 = Release|Any CPU
	EndGlobalSection
	GlobalSection(SolutionProperties) = preSolution
		HideSolutionNode = FALSE
	EndGlobalSection
	GlobalSection(ExtensibilityGlobals) = postSolution
		SolutionGuid = {DD4B53F0-AACF-41E2-BF3D-7F6129F202BC}
	EndGlobalSection
EndGlobal
